# This file is automatically @generated by Cargo.
# It is not intended for manual editing.
version = 3

[[package]]
name = "adaptive_backoff"
version = "0.2.1"
dependencies = [
 "anyhow",
 "log",
 "thiserror",
]

[[package]]
name = "anyhow"
version = "1.0.36"
source = "registry+https://github.com/rust-lang/crates.io-index"
checksum = "68803225a7b13e47191bab76f2687382b60d259e8cf37f6e1893658b84bb9479"

[[package]]
name = "cfg-if"
version = "0.1.10"
source = "registry+https://github.com/rust-lang/crates.io-index"
checksum = "4785bdd1c96b2a846b2bd7cc02e86b6b3dbf14e7e53446c4f54c92a361040822"

[[package]]
name = "log"
version = "0.4.8"
source = "registry+https://github.com/rust-lang/crates.io-index"
checksum = "14b6052be84e6b71ab17edffc2eeabf5c2c3ae1fdb464aae35ac50c67a44e1f7"
dependencies = [
 "cfg-if",
]

[[package]]
name = "proc-macro2"
version = "1.0.24"
source = "registry+https://github.com/rust-lang/crates.io-index"
checksum = "1e0704ee1a7e00d7bb417d0770ea303c1bccbabf0ef1667dae92b5967f5f8a71"
dependencies = [
 "unicode-xid",
]

[[package]]
name = "quote"
version = "1.0.3"
source = "registry+https://github.com/rust-lang/crates.io-index"
checksum = "2bdc6c187c65bca4260c9011c9e3132efe4909da44726bad24cf7572ae338d7f"
dependencies = [
 "proc-macro2",
]

[[package]]
name = "syn"
version = "1.0.54"
source = "registry+https://github.com/rust-lang/crates.io-index"
checksum = "9a2af957a63d6bd42255c359c93d9bfdb97076bd3b820897ce55ffbfbf107f44"
dependencies = [
 "proc-macro2",
 "quote",
 "unicode-xid",
]

[[package]]
name = "thiserror"
version = "1.0.22"
source = "registry+https://github.com/rust-lang/crates.io-index"
checksum = "0e9ae34b84616eedaaf1e9dd6026dbe00dcafa92aa0c8077cb69df1fcfe5e53e"
dependencies = [
 "thiserror-impl",
]

[[package]]
name = "thiserror-impl"
version = "1.0.22"
source = "registry+https://github.com/rust-lang/crates.io-index"
checksum = "9ba20f23e85b10754cd195504aebf6a27e2e6cbe28c17778a0c930724628dd56"
dependencies = [
 "proc-macro2",
 "quote",
 "syn",
]

[[package]]
name = "unicode-xid"
version = "0.2.0"
source = "registry+https://github.com/rust-lang/crates.io-index"
checksum = "826e7639553986605ec5979c7dd957c7895e93eabed50ab2ffa7f6128a75097c"
